
Microsoft Visual Studio Solution File, Format Version 12.00
# Visual Studio Version 16
VisualStudioVersion = 16.0.31424.327
MinimumVisualStudioVersion = 10.0.40219.1
Project("{9A19103F-16F7-4668-BE54-9A1E7A4F7556}") = "Calculatrice", "Calculatrice\Calculatrice.csproj", "{51820F2D-34C6-4879-8EFE-2AB3101B4841}"
EndProject
Project("{FAE04EC0-301F-11D3-BF4B-00C04F79EFBC}") = "CalculatriceTest", "CalculatriceTest\CalculatriceTest.csproj", "{BB67C22B-E2E2-4A54-B044-67F951E9B7E2}"
EndProject
Global
	GlobalSection(SolutionConfigurationPlatforms) = preSolution
		Debug|Any CPU = Debug|Any CPU
		Release|Any CPU = Release|Any CPU
	EndGlobalSection
	GlobalSection(ProjectConfigurationPlatforms) = postSolution
		{51820F2D-34C6-4879-8EFE-2AB3101B4841}.Debug|Any CPU.ActiveCfg = Debug|Any CPU
		{51820F2D-34C6-4879-8EFE-2AB3101B4841}.Debug|Any CPU.Build.0 = Debug|Any CPU
		{51820F2D-34C6-4879-8EFE-2AB3101B4841}.Release|Any CPU.ActiveCfg = Release|Any CPU
		{51820F2D-34C6-4879-8EFE-2AB3101B4841}.Release|Any CPU.Build.0 = Release|Any CPU
		{BB67C22B-E2E2-4A54-B044-67F951E9B7E2}.Debug|Any CPU.ActiveCfg = Debug|Any CPU
		{BB67C22B-E2E2-4A54-B044-67F951E9B7E2}.Debug|Any CPU.Build.0 = Debug|Any CPU
		{BB67C22B-E2E2-4A54-B044-67F951E9B7E2}.Release|Any CPU.ActiveCfg = Release|Any CPU
		{BB67C22B-E2E2-4A54-B044-67F951E9B7E2}.Release|Any CPU.Build.0 = Release|Any CPU
	EndGlobalSection
	GlobalSection(SolutionProperties) = preSolution
		HideSolutionNode = FALSE
	EndGlobalSection
	GlobalSection(ExtensibilityGlobals) = postSolution
		SolutionGuid = {C6E281B7-FB22-4F34-8F13-1F27119F477F}
	EndGlobalSection
EndGlobal
